{
  "name": "tmod",
  "version": "1.0.0",
  "lockfileVersion": 3,
  "requires": true,
  "packages": {
    "": {
      "name": "tmod",
      "version": "1.0.0",
      "license": "ISC",
      "dependencies": {
        "testemodulo": "file:../testeModulo"
      }
    },
    "../testeModulo": {
      "name": "teste1modulo",
      "version": "1.0.0",
      "license": "ISC"
    },
    "node_modules/testemodulo": {
      "resolved": "../testeModulo",
      "link": true
    }
  }
}
